{
  "nodes": {
    "esp32": {
      "inputs": {
        "nixpkgs": [
          "nixpkgs"
        ]
      },
      "locked": {
        "lastModified": 1701454784,
        "narHash": "sha256-lw+K4w7cadys8iG70EG3hJifJjuR+6+16G+7NX6cUfw=",
        "owner": "knarkzel",
        "repo": "esp32",
        "rev": "4ceace595da003fc2d15e2291c432bbc4eb4cb67",
        "type": "github"
      },
      "original": {
        "owner": "knarkzel",
        "repo": "esp32",
        "type": "github"
      }
    },
    "nixpkgs": {
      "locked": {
        "lastModified": 1706371002,
        "narHash": "sha256-dwuorKimqSYgyu8Cw6ncKhyQjUDOyuXoxDTVmAXq88s=",
        "owner": "NixOS",
        "repo": "nixpkgs",
        "rev": "c002c6aa977ad22c60398daaa9be52f2203d0006",
        "type": "github"
      },
      "original": {
        "owner": "NixOS",
        "ref": "nixos-unstable",
        "repo": "nixpkgs",
        "type": "github"
      }
    },
    "root": {
      "inputs": {
        "esp32": "esp32",
        "nixpkgs": "nixpkgs"
      }
    }
  },
  "root": "root",
  "version": 7
}
